
Microsoft Visual Studio Solution File, Format Version 12.00
# Visual Studio Version 17
VisualStudioVersion = 17.11.35303.130
MinimumVisualStudioVersion = 10.0.40219.1
Project("{FAE04EC0-301F-11D3-BF4B-00C04F79EFBC}") = "Basisprogrammering – FlowControl", "Basisprogrammering – FlowControl\Basisprogrammering – FlowControl.csproj", "{B3BD63AF-C500-42D5-8AD8-66B6534C3562}"
EndProject
Project("{FAE04EC0-301F-11D3-BF4B-00C04F79EFBC}") = "Basisprogrammering – Variabler & Datatyper", "Basisprogrammering – Variabler & Datatyper\Basisprogrammering – Variabler & Datatyper.csproj", "{CB1CF4A4-5C6E-4B14-97B1-1003211A3305}"
EndProject
Project("{FAE04EC0-301F-11D3-BF4B-00C04F79EFBC}") = "Øvelse2 03-Functions", "Øvelse1 03-Functions\Øvelse2 03-Functions.csproj", "{E3CBB00F-0200-4653-B247-1AA20DBF5E2B}"
EndProject
Project("{FAE04EC0-301F-11D3-BF4B-00C04F79EFBC}") = "Øvelse6", "Øvelse6\Øvelse6.csproj", "{8CFE637D-6494-422F-8702-04FE8B84A7D9}"
EndProject
Global
	GlobalSection(SolutionConfigurationPlatforms) = preSolution
		Debug|Any CPU = Debug|Any CPU
		Release|Any CPU = Release|Any CPU
	EndGlobalSection
	GlobalSection(ProjectConfigurationPlatforms) = postSolution
		{B3BD63AF-C500-42D5-8AD8-66B6534C3562}.Debug|Any CPU.ActiveCfg = Debug|Any CPU
		{B3BD63AF-C500-42D5-8AD8-66B6534C3562}.Debug|Any CPU.Build.0 = Debug|Any CPU
		{B3BD63AF-C500-42D5-8AD8-66B6534C3562}.Release|Any CPU.ActiveCfg = Release|Any CPU
		{B3BD63AF-C500-42D5-8AD8-66B6534C3562}.Release|Any CPU.Build.0 = Release|Any CPU
		{CB1CF4A4-5C6E-4B14-97B1-1003211A3305}.Debug|Any CPU.ActiveCfg = Debug|Any CPU
		{CB1CF4A4-5C6E-4B14-97B1-1003211A3305}.Debug|Any CPU.Build.0 = Debug|Any CPU
		{CB1CF4A4-5C6E-4B14-97B1-1003211A3305}.Release|Any CPU.ActiveCfg = Release|Any CPU
		{CB1CF4A4-5C6E-4B14-97B1-1003211A3305}.Release|Any CPU.Build.0 = Release|Any CPU
		{E3CBB00F-0200-4653-B247-1AA20DBF5E2B}.Debug|Any CPU.ActiveCfg = Debug|Any CPU
		{E3CBB00F-0200-4653-B247-1AA20DBF5E2B}.Debug|Any CPU.Build.0 = Debug|Any CPU
		{E3CBB00F-0200-4653-B247-1AA20DBF5E2B}.Release|Any CPU.ActiveCfg = Release|Any CPU
		{E3CBB00F-0200-4653-B247-1AA20DBF5E2B}.Release|Any CPU.Build.0 = Release|Any CPU
		{8CFE637D-6494-422F-8702-04FE8B84A7D9}.Debug|Any CPU.ActiveCfg = Debug|Any CPU
		{8CFE637D-6494-422F-8702-04FE8B84A7D9}.Debug|Any CPU.Build.0 = Debug|Any CPU
		{8CFE637D-6494-422F-8702-04FE8B84A7D9}.Release|Any CPU.ActiveCfg = Release|Any CPU
		{8CFE637D-6494-422F-8702-04FE8B84A7D9}.Release|Any CPU.Build.0 = Release|Any CPU
	EndGlobalSection
	GlobalSection(SolutionProperties) = preSolution
		HideSolutionNode = FALSE
	EndGlobalSection
	GlobalSection(ExtensibilityGlobals) = postSolution
		SolutionGuid = {852FA4D0-0621-41D8-8DBF-3D6DCBD3426F}
	EndGlobalSection
EndGlobal
