
Microsoft Visual Studio Solution File, Format Version 12.00
# Visual Studio Version 17
VisualStudioVersion = 17.11.35303.130
MinimumVisualStudioVersion = 10.0.40219.1
Project("{FAE04EC0-301F-11D3-BF4B-00C04F79EFBC}") = "Basisprogrammering – FlowControl", "Basisprogrammering – FlowControl\Basisprogrammering – FlowControl.csproj", "{B3BD63AF-C500-42D5-8AD8-66B6534C3562}"
EndProject
Project("{FAE04EC0-301F-11D3-BF4B-00C04F79EFBC}") = "Basisprogrammering – Variabler & Datatyper", "Basisprogrammering – Variabler & Datatyper\Basisprogrammering – Variabler & Datatyper.csproj", "{CB1CF4A4-5C6E-4B14-97B1-1003211A3305}"
EndProject
Project("{FAE04EC0-301F-11D3-BF4B-00C04F79EFBC}") = "AngribSpillerFunktion", "AngribSpillerFunktion\AngribSpillerFunktion.csproj", "{C38EAE66-3519-4F12-AA2A-60668EFD21A2}"
EndProject
Project("{FAE04EC0-301F-11D3-BF4B-00C04F79EFBC}") = "Arrays - Øvelse 1", "Arrays - Øvelse 1\Arrays - Øvelse 1.csproj", "{9D66A355-866C-41EB-B710-ADE1E9C6E280}"
EndProject
Project("{FAE04EC0-301F-11D3-BF4B-00C04F79EFBC}") = "Array - Øvelse2", "Array - Øvelse2\Array - Øvelse2.csproj", "{D843CFD1-B6B4-4CDB-81DB-7968165E761B}"
EndProject
Global
	GlobalSection(SolutionConfigurationPlatforms) = preSolution
		Debug|Any CPU = Debug|Any CPU
		Release|Any CPU = Release|Any CPU
	EndGlobalSection
	GlobalSection(ProjectConfigurationPlatforms) = postSolution
		{B3BD63AF-C500-42D5-8AD8-66B6534C3562}.Debug|Any CPU.ActiveCfg = Debug|Any CPU
		{B3BD63AF-C500-42D5-8AD8-66B6534C3562}.Debug|Any CPU.Build.0 = Debug|Any CPU
		{B3BD63AF-C500-42D5-8AD8-66B6534C3562}.Release|Any CPU.ActiveCfg = Release|Any CPU
		{B3BD63AF-C500-42D5-8AD8-66B6534C3562}.Release|Any CPU.Build.0 = Release|Any CPU
		{CB1CF4A4-5C6E-4B14-97B1-1003211A3305}.Debug|Any CPU.ActiveCfg = Debug|Any CPU
		{CB1CF4A4-5C6E-4B14-97B1-1003211A3305}.Debug|Any CPU.Build.0 = Debug|Any CPU
		{CB1CF4A4-5C6E-4B14-97B1-1003211A3305}.Release|Any CPU.ActiveCfg = Release|Any CPU
		{CB1CF4A4-5C6E-4B14-97B1-1003211A3305}.Release|Any CPU.Build.0 = Release|Any CPU
		{C38EAE66-3519-4F12-AA2A-60668EFD21A2}.Debug|Any CPU.ActiveCfg = Debug|Any CPU
		{C38EAE66-3519-4F12-AA2A-60668EFD21A2}.Debug|Any CPU.Build.0 = Debug|Any CPU
		{C38EAE66-3519-4F12-AA2A-60668EFD21A2}.Release|Any CPU.ActiveCfg = Release|Any CPU
		{C38EAE66-3519-4F12-AA2A-60668EFD21A2}.Release|Any CPU.Build.0 = Release|Any CPU
		{9D66A355-866C-41EB-B710-ADE1E9C6E280}.Debug|Any CPU.ActiveCfg = Debug|Any CPU
		{9D66A355-866C-41EB-B710-ADE1E9C6E280}.Debug|Any CPU.Build.0 = Debug|Any CPU
		{9D66A355-866C-41EB-B710-ADE1E9C6E280}.Release|Any CPU.ActiveCfg = Release|Any CPU
		{9D66A355-866C-41EB-B710-ADE1E9C6E280}.Release|Any CPU.Build.0 = Release|Any CPU
		{D843CFD1-B6B4-4CDB-81DB-7968165E761B}.Debug|Any CPU.ActiveCfg = Debug|Any CPU
		{D843CFD1-B6B4-4CDB-81DB-7968165E761B}.Debug|Any CPU.Build.0 = Debug|Any CPU
		{D843CFD1-B6B4-4CDB-81DB-7968165E761B}.Release|Any CPU.ActiveCfg = Release|Any CPU
		{D843CFD1-B6B4-4CDB-81DB-7968165E761B}.Release|Any CPU.Build.0 = Release|Any CPU
	EndGlobalSection
	GlobalSection(SolutionProperties) = preSolution
		HideSolutionNode = FALSE
	EndGlobalSection
	GlobalSection(ExtensibilityGlobals) = postSolution
		SolutionGuid = {852FA4D0-0621-41D8-8DBF-3D6DCBD3426F}
	EndGlobalSection
EndGlobal
